// !$*UTF8*$!
{
	archiveVersion = 1;
	classes = {
	};
	objectVersion = 52;
	objects = {

/* Begin PBXBuildFile section */
		3F077C5225ED82CD0046ADC4 /* HtmlDownloader.swift in Sources */ = {isa = PBXBuildFile; fileRef = 3F077C5125ED82CD0046ADC4 /* HtmlDownloader.swift */; };
		3F2AE10F2756C07E00B1FAC6 /* IRepositoryProtocol.swift in Sources */ = {isa = PBXBuildFile; fileRef = 3F2AE10E2756C07E00B1FAC6 /* IRepositoryProtocol.swift */; };
		3F2F42B8256681D400E4DC1B /* MainView.swift in Sources */ = {isa = PBXBuildFile; fileRef = 3F2F42B7256681D400E4DC1B /* MainView.swift */; };
		3F2F42BC2566857400E4DC1B /* SettingsView.swift in Sources */ = {isa = PBXBuildFile; fileRef = 3F2F42BB2566857400E4DC1B /* SettingsView.swift */; };
		3F2F42BF256685C600E4DC1B /* DownloadQueView.swift in Sources */ = {isa = PBXBuildFile; fileRef = 3F2F42BE256685C600E4DC1B /* DownloadQueView.swift */; };
		3F2F42C225669EC900E4DC1B /* PictureDownloaderController.swift in Sources */ = {isa = PBXBuildFile; fileRef = 3F2F42C125669EC900E4DC1B /* PictureDownloaderController.swift */; };
		3F40CACD25801764009834FB /* LogItem.swift in Sources */ = {isa = PBXBuildFile; fileRef = 3F40CACC25801764009834FB /* LogItem.swift */; };
		3F40CAD0258017AA009834FB /* LogItemRepository.swift in Sources */ = {isa = PBXBuildFile; fileRef = 3F40CACF258017AA009834FB /* LogItemRepository.swift */; };
		3F40CAD3258018BF009834FB /* LogItemCell.swift in Sources */ = {isa = PBXBuildFile; fileRef = 3F40CAD2258018BF009834FB /* LogItemCell.swift */; };
		3F40CAD625801A24009834FB /* LogItemListView.swift in Sources */ = {isa = PBXBuildFile; fileRef = 3F40CAD525801A24009834FB /* LogItemListView.swift */; };
		3F692EF42640552D00330900 /* Programflow in Resources */ = {isa = PBXBuildFile; fileRef = 3F692EF32640552D00330900 /* Programflow */; };
		3F696F4C26069100000AD9A8 /* SidebarView.swift in Sources */ = {isa = PBXBuildFile; fileRef = 3F696F4926068F92000AD9A8 /* SidebarView.swift */; };
		3F696F4F26069158000AD9A8 /* DownloadView.swift in Sources */ = {isa = PBXBuildFile; fileRef = 3F696F4E26069158000AD9A8 /* DownloadView.swift */; };
		3F6FA6B6274D8FC4008FF87C /* GalleryView.swift in Sources */ = {isa = PBXBuildFile; fileRef = 3F6FA6B5274D8FC4008FF87C /* GalleryView.swift */; };
		3F6FA6B8274D9421008FF87C /* Array + Helper.swift in Sources */ = {isa = PBXBuildFile; fileRef = 3F6FA6B7274D9421008FF87C /* Array + Helper.swift */; };
		3F79D5EA25854FED00359BA0 /* NSSound + Extension.swift in Sources */ = {isa = PBXBuildFile; fileRef = 3F79D5E925854FED00359BA0 /* NSSound + Extension.swift */; };
		3F7E036D25641F59008D948C /* PictureDownloaderApp.swift in Sources */ = {isa = PBXBuildFile; fileRef = 3F7E036C25641F59008D948C /* PictureDownloaderApp.swift */; };
		3F7E037125641F59008D948C /* Assets.xcassets in Resources */ = {isa = PBXBuildFile; fileRef = 3F7E037025641F59008D948C /* Assets.xcassets */; };
		3F7E037425641F59008D948C /* Preview Assets.xcassets in Resources */ = {isa = PBXBuildFile; fileRef = 3F7E037325641F59008D948C /* Preview Assets.xcassets */; };
		3F7E038E25641F8F008D948C /* FileDownloader.swift in Sources */ = {isa = PBXBuildFile; fileRef = 3F7E038225641F8F008D948C /* FileDownloader.swift */; };
		3F7E039025641F8F008D948C /* String + Helper.swift in Sources */ = {isa = PBXBuildFile; fileRef = 3F7E038425641F8F008D948C /* String + Helper.swift */; };
		3F7E039125641F8F008D948C /* HHGalleryAnalyser.swift in Sources */ = {isa = PBXBuildFile; fileRef = 3F7E038525641F8F008D948C /* HHGalleryAnalyser.swift */; };
		3F7E039225641F8F008D948C /* PasteboardUrlGetter.swift in Sources */ = {isa = PBXBuildFile; fileRef = 3F7E038625641F8F008D948C /* PasteboardUrlGetter.swift */; };
		3F7E039325641F8F008D948C /* HtmlParser.swift in Sources */ = {isa = PBXBuildFile; fileRef = 3F7E038725641F8F008D948C /* HtmlParser.swift */; };
		3F7E039425641F8F008D948C /* FileDownloaderDelegateProtocol.swift in Sources */ = {isa = PBXBuildFile; fileRef = 3F7E038825641F8F008D948C /* FileDownloaderDelegateProtocol.swift */; };
		3F7E039525641F8F008D948C /* HHDownloadItemRepository.swift in Sources */ = {isa = PBXBuildFile; fileRef = 3F7E038A25641F8F008D948C /* HHDownloadItemRepository.swift */; };
		3F7E039625641F8F008D948C /* FileDownloadItem.swift in Sources */ = {isa = PBXBuildFile; fileRef = 3F7E038B25641F8F008D948C /* FileDownloadItem.swift */; };
		3F7E039725641F8F008D948C /* HHDownloadItemRowView.swift in Sources */ = {isa = PBXBuildFile; fileRef = 3F7E038C25641F8F008D948C /* HHDownloadItemRowView.swift */; };
		3F7E039825641F8F008D948C /* HHGalleryAnalyserDelegateProtocol.swift in Sources */ = {isa = PBXBuildFile; fileRef = 3F7E038D25641F8F008D948C /* HHGalleryAnalyserDelegateProtocol.swift */; };
		3F7E039D25641F99008D948C /* WebsiteRepository.swift in Sources */ = {isa = PBXBuildFile; fileRef = 3F7E039B25641F99008D948C /* WebsiteRepository.swift */; };
		3F7E039E25641F99008D948C /* WebsiteRepositoryItem.swift in Sources */ = {isa = PBXBuildFile; fileRef = 3F7E039C25641F99008D948C /* WebsiteRepositoryItem.swift */; };
		3F7E03A5256427FE008D948C /* AppDelegate.swift in Sources */ = {isa = PBXBuildFile; fileRef = 3F7E03A4256427FE008D948C /* AppDelegate.swift */; };
		3F7F42BC257D808100301D2B /* HHNotificationCenter.swift in Sources */ = {isa = PBXBuildFile; fileRef = 3F7F42BB257D808100301D2B /* HHNotificationCenter.swift */; };
		3FA4B3E027936B6F0034524B /* WrappingHStack in Frameworks */ = {isa = PBXBuildFile; productRef = 3FA4B3DF27936B6F0034524B /* WrappingHStack */; };
		3FD22FC8265B926500200390 /* WebsiteParseInformation.swift in Sources */ = {isa = PBXBuildFile; fileRef = 3FD22FC7265B926500200390 /* WebsiteParseInformation.swift */; };
		3FD5335B257040F0002EE1E4 /* HHFileHelper.swift in Sources */ = {isa = PBXBuildFile; fileRef = 3FD5335A257040F0002EE1E4 /* HHFileHelper.swift */; };
		3FD53360257046EE002EE1E4 /* FileBookmarkHandler.swift in Sources */ = {isa = PBXBuildFile; fileRef = 3FD5335F257046EE002EE1E4 /* FileBookmarkHandler.swift */; };
		3FF5C377274ED42B001BC49E /* GalleryPictureView.swift in Sources */ = {isa = PBXBuildFile; fileRef = 3FF5C376274ED42B001BC49E /* GalleryPictureView.swift */; };
/* End PBXBuildFile section */

/* Begin PBXFileReference section */
		3F077C5125ED82CD0046ADC4 /* HtmlDownloader.swift */ = {isa = PBXFileReference; lastKnownFileType = sourcecode.swift; path = HtmlDownloader.swift; sourceTree = "<group>"; };
		3F2AE10E2756C07E00B1FAC6 /* IRepositoryProtocol.swift */ = {isa = PBXFileReference; lastKnownFileType = sourcecode.swift; path = IRepositoryProtocol.swift; sourceTree = "<group>"; };
		3F2F42B7256681D400E4DC1B /* MainView.swift */ = {isa = PBXFileReference; lastKnownFileType = sourcecode.swift; path = MainView.swift; sourceTree = "<group>"; };
		3F2F42BB2566857400E4DC1B /* SettingsView.swift */ = {isa = PBXFileReference; lastKnownFileType = sourcecode.swift; path = SettingsView.swift; sourceTree = "<group>"; };
		3F2F42BE256685C600E4DC1B /* DownloadQueView.swift */ = {isa = PBXFileReference; lastKnownFileType = sourcecode.swift; path = DownloadQueView.swift; sourceTree = "<group>"; };
		3F2F42C125669EC900E4DC1B /* PictureDownloaderController.swift */ = {isa = PBXFileReference; lastKnownFileType = sourcecode.swift; path = PictureDownloaderController.swift; sourceTree = "<group>"; };
		3F40CACC25801764009834FB /* LogItem.swift */ = {isa = PBXFileReference; lastKnownFileType = sourcecode.swift; path = LogItem.swift; sourceTree = "<group>"; };
		3F40CACF258017AA009834FB /* LogItemRepository.swift */ = {isa = PBXFileReference; lastKnownFileType = sourcecode.swift; path = LogItemRepository.swift; sourceTree = "<group>"; };
		3F40CAD2258018BF009834FB /* LogItemCell.swift */ = {isa = PBXFileReference; lastKnownFileType = sourcecode.swift; path = LogItemCell.swift; sourceTree = "<group>"; };
		3F40CAD525801A24009834FB /* LogItemListView.swift */ = {isa = PBXFileReference; lastKnownFileType = sourcecode.swift; path = LogItemListView.swift; sourceTree = "<group>"; };
		3F692EF32640552D00330900 /* Programflow */ = {isa = PBXFileReference; lastKnownFileType = text; path = Programflow; sourceTree = "<group>"; };
		3F696F4926068F92000AD9A8 /* SidebarView.swift */ = {isa = PBXFileReference; lastKnownFileType = sourcecode.swift; path = SidebarView.swift; sourceTree = "<group>"; };
		3F696F4E26069158000AD9A8 /* DownloadView.swift */ = {isa = PBXFileReference; lastKnownFileType = sourcecode.swift; path = DownloadView.swift; sourceTree = "<group>"; };
		3F6FA6B4274D8C5C008FF87C /* README.md */ = {isa = PBXFileReference; lastKnownFileType = net.daringfireball.markdown; path = README.md; sourceTree = "<group>"; };
		3F6FA6B5274D8FC4008FF87C /* GalleryView.swift */ = {isa = PBXFileReference; lastKnownFileType = sourcecode.swift; path = GalleryView.swift; sourceTree = "<group>"; };
		3F6FA6B7274D9421008FF87C /* Array + Helper.swift */ = {isa = PBXFileReference; lastKnownFileType = sourcecode.swift; path = "Array + Helper.swift"; sourceTree = "<group>"; };
		3F79D5E925854FED00359BA0 /* NSSound + Extension.swift */ = {isa = PBXFileReference; lastKnownFileType = sourcecode.swift; path = "NSSound + Extension.swift"; sourceTree = "<group>"; };
		3F7E036925641F59008D948C /* Picture Downloader.app */ = {isa = PBXFileReference; explicitFileType = wrapper.application; includeInIndex = 0; path = "Picture Downloader.app"; sourceTree = BUILT_PRODUCTS_DIR; };
		3F7E036C25641F59008D948C /* PictureDownloaderApp.swift */ = {isa = PBXFileReference; lastKnownFileType = sourcecode.swift; path = PictureDownloaderApp.swift; sourceTree = "<group>"; };
		3F7E037025641F59008D948C /* Assets.xcassets */ = {isa = PBXFileReference; lastKnownFileType = folder.assetcatalog; path = Assets.xcassets; sourceTree = "<group>"; };
		3F7E037325641F59008D948C /* Preview Assets.xcassets */ = {isa = PBXFileReference; lastKnownFileType = folder.assetcatalog; path = "Preview Assets.xcassets"; sourceTree = "<group>"; };
		3F7E037525641F59008D948C /* Info.plist */ = {isa = PBXFileReference; lastKnownFileType = text.plist.xml; path = Info.plist; sourceTree = "<group>"; };
		3F7E037625641F59008D948C /* PictureDownloader.entitlements */ = {isa = PBXFileReference; lastKnownFileType = text.plist.entitlements; path = PictureDownloader.entitlements; sourceTree = "<group>"; };
		3F7E038225641F8F008D948C /* FileDownloader.swift */ = {isa = PBXFileReference; fileEncoding = 4; lastKnownFileType = sourcecode.swift; path = FileDownloader.swift; sourceTree = "<group>"; };
		3F7E038425641F8F008D948C /* String + Helper.swift */ = {isa = PBXFileReference; fileEncoding = 4; lastKnownFileType = sourcecode.swift; path = "String + Helper.swift"; sourceTree = "<group>"; };
		3F7E038525641F8F008D948C /* HHGalleryAnalyser.swift */ = {isa = PBXFileReference; fileEncoding = 4; lastKnownFileType = sourcecode.swift; path = HHGalleryAnalyser.swift; sourceTree = "<group>"; };
		3F7E038625641F8F008D948C /* PasteboardUrlGetter.swift */ = {isa = PBXFileReference; fileEncoding = 4; lastKnownFileType = sourcecode.swift; path = PasteboardUrlGetter.swift; sourceTree = "<group>"; };
		3F7E038725641F8F008D948C /* HtmlParser.swift */ = {isa = PBXFileReference; fileEncoding = 4; lastKnownFileType = sourcecode.swift; path = HtmlParser.swift; sourceTree = "<group>"; };
		3F7E038825641F8F008D948C /* FileDownloaderDelegateProtocol.swift */ = {isa = PBXFileReference; fileEncoding = 4; lastKnownFileType = sourcecode.swift; path = FileDownloaderDelegateProtocol.swift; sourceTree = "<group>"; };
		3F7E038A25641F8F008D948C /* HHDownloadItemRepository.swift */ = {isa = PBXFileReference; fileEncoding = 4; lastKnownFileType = sourcecode.swift; path = HHDownloadItemRepository.swift; sourceTree = "<group>"; };
		3F7E038B25641F8F008D948C /* FileDownloadItem.swift */ = {isa = PBXFileReference; fileEncoding = 4; lastKnownFileType = sourcecode.swift; path = FileDownloadItem.swift; sourceTree = "<group>"; };
		3F7E038C25641F8F008D948C /* HHDownloadItemRowView.swift */ = {isa = PBXFileReference; fileEncoding = 4; lastKnownFileType = sourcecode.swift; path = HHDownloadItemRowView.swift; sourceTree = "<group>"; };
		3F7E038D25641F8F008D948C /* HHGalleryAnalyserDelegateProtocol.swift */ = {isa = PBXFileReference; fileEncoding = 4; lastKnownFileType = sourcecode.swift; path = HHGalleryAnalyserDelegateProtocol.swift; sourceTree = "<group>"; };
		3F7E039B25641F99008D948C /* WebsiteRepository.swift */ = {isa = PBXFileReference; fileEncoding = 4; lastKnownFileType = sourcecode.swift; path = WebsiteRepository.swift; sourceTree = "<group>"; };
		3F7E039C25641F99008D948C /* WebsiteRepositoryItem.swift */ = {isa = PBXFileReference; fileEncoding = 4; lastKnownFileType = sourcecode.swift; path = WebsiteRepositoryItem.swift; sourceTree = "<group>"; };
		3F7E03A4256427FE008D948C /* AppDelegate.swift */ = {isa = PBXFileReference; lastKnownFileType = sourcecode.swift; path = AppDelegate.swift; sourceTree = "<group>"; };
		3F7F42BB257D808100301D2B /* HHNotificationCenter.swift */ = {isa = PBXFileReference; lastKnownFileType = sourcecode.swift; path = HHNotificationCenter.swift; sourceTree = "<group>"; };
		3FD22FC7265B926500200390 /* WebsiteParseInformation.swift */ = {isa = PBXFileReference; lastKnownFileType = sourcecode.swift; path = WebsiteParseInformation.swift; sourceTree = "<group>"; };
		3FD5335A257040F0002EE1E4 /* HHFileHelper.swift */ = {isa = PBXFileReference; fileEncoding = 4; lastKnownFileType = sourcecode.swift; path = HHFileHelper.swift; sourceTree = "<group>"; };
		3FD5335F257046EE002EE1E4 /* FileBookmarkHandler.swift */ = {isa = PBXFileReference; lastKnownFileType = sourcecode.swift; path = FileBookmarkHandler.swift; sourceTree = "<group>"; };
		3FF5C376274ED42B001BC49E /* GalleryPictureView.swift */ = {isa = PBXFileReference; lastKnownFileType = sourcecode.swift; path = GalleryPictureView.swift; sourceTree = "<group>"; };
/* End PBXFileReference section */

/* Begin PBXFrameworksBuildPhase section */
		3F7E036625641F59008D948C /* Frameworks */ = {
			isa = PBXFrameworksBuildPhase;
			buildActionMask = 2147483647;
			files = (
				3FA4B3E027936B6F0034524B /* WrappingHStack in Frameworks */,
			);
			runOnlyForDeploymentPostprocessing = 0;
		};
/* End PBXFrameworksBuildPhase section */

/* Begin PBXGroup section */
		3F40CACB25801734009834FB /* Logging */ = {
			isa = PBXGroup;
			children = (
				3F40CACC25801764009834FB /* LogItem.swift */,
				3F40CACF258017AA009834FB /* LogItemRepository.swift */,
				3F40CAD2258018BF009834FB /* LogItemCell.swift */,
				3F40CAD525801A24009834FB /* LogItemListView.swift */,
			);
			path = Logging;
			sourceTree = "<group>";
		};
		3F4B62F62566D20A00C3CF4C /* SubViews */ = {
			isa = PBXGroup;
			children = (
				3F2F42BE256685C600E4DC1B /* DownloadQueView.swift */,
				3F2F42BB2566857400E4DC1B /* SettingsView.swift */,
				3F696F4E26069158000AD9A8 /* DownloadView.swift */,
				3F6FA6B5274D8FC4008FF87C /* GalleryView.swift */,
				3FF5C376274ED42B001BC49E /* GalleryPictureView.swift */,
			);
			path = SubViews;
			sourceTree = "<group>";
		};
		3F7E036025641F59008D948C = {
			isa = PBXGroup;
			children = (
				3F6FA6B4274D8C5C008FF87C /* README.md */,
				3F692EF32640552D00330900 /* Programflow */,
				3F7E036B25641F59008D948C /* PictureDownloader */,
				3F7E036A25641F59008D948C /* Products */,
			);
			sourceTree = "<group>";
		};
		3F7E036A25641F59008D948C /* Products */ = {
			isa = PBXGroup;
			children = (
				3F7E036925641F59008D948C /* Picture Downloader.app */,
			);
			name = Products;
			sourceTree = "<group>";
		};
		3F7E036B25641F59008D948C /* PictureDownloader */ = {
			isa = PBXGroup;
			children = (
				3F7E036C25641F59008D948C /* PictureDownloaderApp.swift */,
				3F2F42C125669EC900E4DC1B /* PictureDownloaderController.swift */,
				3F2F42B7256681D400E4DC1B /* MainView.swift */,
				3F696F4926068F92000AD9A8 /* SidebarView.swift */,
				3F7E03A4256427FE008D948C /* AppDelegate.swift */,
				3F40CACB25801734009834FB /* Logging */,
				3F8C8BF9257051A9002E01F2 /* Analyser */,
				3F8C8BF82570517A002E01F2 /* Downloader */,
				3F8C8BF725705155002E01F2 /* Helper */,
				3F4B62F62566D20A00C3CF4C /* SubViews */,
				3F7E039A25641F99008D948C /* WebsiteRepository */,
				3F7E038125641F8F008D948C /* Data */,
				3F7E037025641F59008D948C /* Assets.xcassets */,
				3F7E037525641F59008D948C /* Info.plist */,
				3F7E037625641F59008D948C /* PictureDownloader.entitlements */,
				3F7E037225641F59008D948C /* Preview Content */,
			);
			path = PictureDownloader;
			sourceTree = "<group>";
		};
		3F7E037225641F59008D948C /* Preview Content */ = {
			isa = PBXGroup;
			children = (
				3F7E037325641F59008D948C /* Preview Assets.xcassets */,
			);
			path = "Preview Content";
			sourceTree = "<group>";
		};
		3F7E038125641F8F008D948C /* Data */ = {
			isa = PBXGroup;
			children = (
				3F7E038625641F8F008D948C /* PasteboardUrlGetter.swift */,
				3F7E038725641F8F008D948C /* HtmlParser.swift */,
				3F7E038925641F8F008D948C /* DownloadItem */,
			);
			path = Data;
			sourceTree = "<group>";
		};
		3F7E038925641F8F008D948C /* DownloadItem */ = {
			isa = PBXGroup;
			children = (
				3F7E038A25641F8F008D948C /* HHDownloadItemRepository.swift */,
				3F7E038C25641F8F008D948C /* HHDownloadItemRowView.swift */,
				3F2AE10E2756C07E00B1FAC6 /* IRepositoryProtocol.swift */,
			);
			path = DownloadItem;
			sourceTree = "<group>";
		};
		3F7E039A25641F99008D948C /* WebsiteRepository */ = {
			isa = PBXGroup;
			children = (
				3F7E039B25641F99008D948C /* WebsiteRepository.swift */,
				3F7E039C25641F99008D948C /* WebsiteRepositoryItem.swift */,
				3FD22FC7265B926500200390 /* WebsiteParseInformation.swift */,
			);
			path = WebsiteRepository;
			sourceTree = "<group>";
		};
		3F8C8BF725705155002E01F2 /* Helper */ = {
			isa = PBXGroup;
			children = (
				3F7E038425641F8F008D948C /* String + Helper.swift */,
				3FD5335A257040F0002EE1E4 /* HHFileHelper.swift */,
				3FD5335F257046EE002EE1E4 /* FileBookmarkHandler.swift */,
				3F7F42BB257D808100301D2B /* HHNotificationCenter.swift */,
				3F79D5E925854FED00359BA0 /* NSSound + Extension.swift */,
				3F6FA6B7274D9421008FF87C /* Array + Helper.swift */,
			);
			path = Helper;
			sourceTree = "<group>";
		};
		3F8C8BF82570517A002E01F2 /* Downloader */ = {
			isa = PBXGroup;
			children = (
				3F7E038825641F8F008D948C /* FileDownloaderDelegateProtocol.swift */,
				3F7E038225641F8F008D948C /* FileDownloader.swift */,
				3F7E038B25641F8F008D948C /* FileDownloadItem.swift */,
				3F077C5125ED82CD0046ADC4 /* HtmlDownloader.swift */,
			);
			path = Downloader;
			sourceTree = "<group>";
		};
		3F8C8BF9257051A9002E01F2 /* Analyser */ = {
			isa = PBXGroup;
			children = (
				3F7E038525641F8F008D948C /* HHGalleryAnalyser.swift */,
				3F7E038D25641F8F008D948C /* HHGalleryAnalyserDelegateProtocol.swift */,
			);
			path = Analyser;
			sourceTree = "<group>";
		};
/* End PBXGroup section */

/* Begin PBXNativeTarget section */
		3F7E036825641F59008D948C /* Picture Downloader */ = {
			isa = PBXNativeTarget;
			buildConfigurationList = 3F7E037925641F59008D948C /* Build configuration list for PBXNativeTarget "Picture Downloader" */;
			buildPhases = (
				3F7E036525641F59008D948C /* Sources */,
				3F7E036625641F59008D948C /* Frameworks */,
				3F7E036725641F59008D948C /* Resources */,
			);
			buildRules = (
			);
			dependencies = (
			);
			name = "Picture Downloader";
			packageProductDependencies = (
				3FA4B3DF27936B6F0034524B /* WrappingHStack */,
			);
			productName = PictureDownloader;
			productReference = 3F7E036925641F59008D948C /* Picture Downloader.app */;
			productType = "com.apple.product-type.application";
		};
/* End PBXNativeTarget section */

/* Begin PBXProject section */
		3F7E036125641F59008D948C /* Project object */ = {
			isa = PBXProject;
			attributes = {
				LastSwiftUpdateCheck = 1220;
				LastUpgradeCheck = 1230;
				TargetAttributes = {
					3F7E036825641F59008D948C = {
						CreatedOnToolsVersion = 12.2;
					};
				};
			};
			buildConfigurationList = 3F7E036425641F59008D948C /* Build configuration list for PBXProject "PictureDownloader" */;
			compatibilityVersion = "Xcode 9.3";
			developmentRegion = en;
			hasScannedForEncodings = 0;
			knownRegions = (
				en,
				Base,
			);
			mainGroup = 3F7E036025641F59008D948C;
			packageReferences = (
				3FA4B3DE27936B6F0034524B /* XCRemoteSwiftPackageReference "WrappingHStack" */,
			);
			productRefGroup = 3F7E036A25641F59008D948C /* Products */;
			projectDirPath = "";
			projectRoot = "";
			targets = (
				3F7E036825641F59008D948C /* Picture Downloader */,
			);
		};
/* End PBXProject section */

/* Begin PBXResourcesBuildPhase section */
		3F7E036725641F59008D948C /* Resources */ = {
			isa = PBXResourcesBuildPhase;
			buildActionMask = 2147483647;
			files = (
				3F7E037425641F59008D948C /* Preview Assets.xcassets in Resources */,
				3F7E037125641F59008D948C /* Assets.xcassets in Resources */,
				3F692EF42640552D00330900 /* Programflow in Resources */,
			);
			runOnlyForDeploymentPostprocessing = 0;
		};
/* End PBXResourcesBuildPhase section */

/* Begin PBXSourcesBuildPhase section */
		3F7E036525641F59008D948C /* Sources */ = {
			isa = PBXSourcesBuildPhase;
			buildActionMask = 2147483647;
			files = (
				3F7E039725641F8F008D948C /* HHDownloadItemRowView.swift in Sources */,
				3F2AE10F2756C07E00B1FAC6 /* IRepositoryProtocol.swift in Sources */,
				3F40CACD25801764009834FB /* LogItem.swift in Sources */,
				3FF5C377274ED42B001BC49E /* GalleryPictureView.swift in Sources */,
				3F2F42B8256681D400E4DC1B /* MainView.swift in Sources */,
				3F40CAD625801A24009834FB /* LogItemListView.swift in Sources */,
				3F6FA6B6274D8FC4008FF87C /* GalleryView.swift in Sources */,
				3F2F42BC2566857400E4DC1B /* SettingsView.swift in Sources */,
				3F7E036D25641F59008D948C /* PictureDownloaderApp.swift in Sources */,
				3F79D5EA25854FED00359BA0 /* NSSound + Extension.swift in Sources */,
				3F7E039825641F8F008D948C /* HHGalleryAnalyserDelegateProtocol.swift in Sources */,
				3F7E039525641F8F008D948C /* HHDownloadItemRepository.swift in Sources */,
				3F696F4C26069100000AD9A8 /* SidebarView.swift in Sources */,
				3F7E039E25641F99008D948C /* WebsiteRepositoryItem.swift in Sources */,
				3F696F4F26069158000AD9A8 /* DownloadView.swift in Sources */,
				3F7E039425641F8F008D948C /* FileDownloaderDelegateProtocol.swift in Sources */,
				3F077C5225ED82CD0046ADC4 /* HtmlDownloader.swift in Sources */,
				3F2F42C225669EC900E4DC1B /* PictureDownloaderController.swift in Sources */,
				3F7E038E25641F8F008D948C /* FileDownloader.swift in Sources */,
				3FD5335B257040F0002EE1E4 /* HHFileHelper.swift in Sources */,
				3F40CAD0258017AA009834FB /* LogItemRepository.swift in Sources */,
				3F7E03A5256427FE008D948C /* AppDelegate.swift in Sources */,
				3F7E039125641F8F008D948C /* HHGalleryAnalyser.swift in Sources */,
				3F2F42BF256685C600E4DC1B /* DownloadQueView.swift in Sources */,
				3F7E039325641F8F008D948C /* HtmlParser.swift in Sources */,
				3F7F42BC257D808100301D2B /* HHNotificationCenter.swift in Sources */,
				3F7E039625641F8F008D948C /* FileDownloadItem.swift in Sources */,
				3F6FA6B8274D9421008FF87C /* Array + Helper.swift in Sources */,
				3F40CAD3258018BF009834FB /* LogItemCell.swift in Sources */,
				3FD53360257046EE002EE1E4 /* FileBookmarkHandler.swift in Sources */,
				3FD22FC8265B926500200390 /* WebsiteParseInformation.swift in Sources */,
				3F7E039225641F8F008D948C /* PasteboardUrlGetter.swift in Sources */,
				3F7E039025641F8F008D948C /* String + Helper.swift in Sources */,
				3F7E039D25641F99008D948C /* WebsiteRepository.swift in Sources */,
			);
			runOnlyForDeploymentPostprocessing = 0;
		};
/* End PBXSourcesBuildPhase section */

/* Begin XCBuildConfiguration section */
		3F7E037725641F59008D948C /* Debug */ = {
			isa = XCBuildConfiguration;
			buildSettings = {
				ALWAYS_SEARCH_USER_PATHS = NO;
				CLANG_ANALYZER_NONNULL = YES;
				CLANG_ANALYZER_NUMBER_OBJECT_CONVERSION = YES_AGGRESSIVE;
				CLANG_CXX_LANGUAGE_STANDARD = "gnu++14";
				CLANG_CXX_LIBRARY = "libc++";
				CLANG_ENABLE_MODULES = YES;
				CLANG_ENABLE_OBJC_ARC = YES;
				CLANG_ENABLE_OBJC_WEAK = YES;
				CLANG_WARN_BLOCK_CAPTURE_AUTORELEASING = YES;
				CLANG_WARN_BOOL_CONVERSION = YES;
				CLANG_WARN_COMMA = YES;
				CLANG_WARN_CONSTANT_CONVERSION = YES;
				CLANG_WARN_DEPRECATED_OBJC_IMPLEMENTATIONS = YES;
				CLANG_WARN_DIRECT_OBJC_ISA_USAGE = YES_ERROR;
				CLANG_WARN_DOCUMENTATION_COMMENTS = YES;
				CLANG_WARN_EMPTY_BODY = YES;
				CLANG_WARN_ENUM_CONVERSION = YES;
				CLANG_WARN_INFINITE_RECURSION = YES;
				CLANG_WARN_INT_CONVERSION = YES;
				CLANG_WARN_NON_LITERAL_NULL_CONVERSION = YES;
				CLANG_WARN_OBJC_IMPLICIT_RETAIN_SELF = YES;
				CLANG_WARN_OBJC_LITERAL_CONVERSION = YES;
				CLANG_WARN_OBJC_ROOT_CLASS = YES_ERROR;
				CLANG_WARN_QUOTED_INCLUDE_IN_FRAMEWORK_HEADER = YES;
				CLANG_WARN_RANGE_LOOP_ANALYSIS = YES;
				CLANG_WARN_STRICT_PROTOTYPES = YES;
				CLANG_WARN_SUSPICIOUS_MOVE = YES;
				CLANG_WARN_UNGUARDED_AVAILABILITY = YES_AGGRESSIVE;
				CLANG_WARN_UNREACHABLE_CODE = YES;
				CLANG_WARN__DUPLICATE_METHOD_MATCH = YES;
				COPY_PHASE_STRIP = NO;
				DEBUG_INFORMATION_FORMAT = dwarf;
				ENABLE_STRICT_OBJC_MSGSEND = YES;
				ENABLE_TESTABILITY = YES;
				GCC_C_LANGUAGE_STANDARD = gnu11;
				GCC_DYNAMIC_NO_PIC = NO;
				GCC_NO_COMMON_BLOCKS = YES;
				GCC_OPTIMIZATION_LEVEL = 0;
				GCC_PREPROCESSOR_DEFINITIONS = (
					"DEBUG=1",
					"$(inherited)",
				);
				GCC_WARN_64_TO_32_BIT_CONVERSION = YES;
				GCC_WARN_ABOUT_RETURN_TYPE = YES_ERROR;
				GCC_WARN_UNDECLARED_SELECTOR = YES;
				GCC_WARN_UNINITIALIZED_AUTOS = YES_AGGRESSIVE;
				GCC_WARN_UNUSED_FUNCTION = YES;
				GCC_WARN_UNUSED_VARIABLE = YES;
				MACOSX_DEPLOYMENT_TARGET = 11.0;
				MTL_ENABLE_DEBUG_INFO = INCLUDE_SOURCE;
				MTL_FAST_MATH = YES;
				ONLY_ACTIVE_ARCH = YES;
				SDKROOT = macosx;
				SWIFT_ACTIVE_COMPILATION_CONDITIONS = DEBUG;
				SWIFT_OPTIMIZATION_LEVEL = "-Onone";
			};
			name = Debug;
		};
		3F7E037825641F59008D948C /* Release */ = {
			isa = XCBuildConfiguration;
			buildSettings = {
				ALWAYS_SEARCH_USER_PATHS = NO;
				CLANG_ANALYZER_NONNULL = YES;
				CLANG_ANALYZER_NUMBER_OBJECT_CONVERSION = YES_AGGRESSIVE;
				CLANG_CXX_LANGUAGE_STANDARD = "gnu++14";
				CLANG_CXX_LIBRARY = "libc++";
				CLANG_ENABLE_MODULES = YES;
				CLANG_ENABLE_OBJC_ARC = YES;
				CLANG_ENABLE_OBJC_WEAK = YES;
				CLANG_WARN_BLOCK_CAPTURE_AUTORELEASING = YES;
				CLANG_WARN_BOOL_CONVERSION = YES;
				CLANG_WARN_COMMA = YES;
				CLANG_WARN_CONSTANT_CONVERSION = YES;
				CLANG_WARN_DEPRECATED_OBJC_IMPLEMENTATIONS = YES;
				CLANG_WARN_DIRECT_OBJC_ISA_USAGE = YES_ERROR;
				CLANG_WARN_DOCUMENTATION_COMMENTS = YES;
				CLANG_WARN_EMPTY_BODY = YES;
				CLANG_WARN_ENUM_CONVERSION = YES;
				CLANG_WARN_INFINITE_RECURSION = YES;
				CLANG_WARN_INT_CONVERSION = YES;
				CLANG_WARN_NON_LITERAL_NULL_CONVERSION = YES;
				CLANG_WARN_OBJC_IMPLICIT_RETAIN_SELF = YES;
				CLANG_WARN_OBJC_LITERAL_CONVERSION = YES;
				CLANG_WARN_OBJC_ROOT_CLASS = YES_ERROR;
				CLANG_WARN_QUOTED_INCLUDE_IN_FRAMEWORK_HEADER = YES;
				CLANG_WARN_RANGE_LOOP_ANALYSIS = YES;
				CLANG_WARN_STRICT_PROTOTYPES = YES;
				CLANG_WARN_SUSPICIOUS_MOVE = YES;
				CLANG_WARN_UNGUARDED_AVAILABILITY = YES_AGGRESSIVE;
				CLANG_WARN_UNREACHABLE_CODE = YES;
				CLANG_WARN__DUPLICATE_METHOD_MATCH = YES;
				COPY_PHASE_STRIP = NO;
				DEBUG_INFORMATION_FORMAT = "dwarf-with-dsym";
				ENABLE_NS_ASSERTIONS = NO;
				ENABLE_STRICT_OBJC_MSGSEND = YES;
				GCC_C_LANGUAGE_STANDARD = gnu11;
				GCC_NO_COMMON_BLOCKS = YES;
				GCC_WARN_64_TO_32_BIT_CONVERSION = YES;
				GCC_WARN_ABOUT_RETURN_TYPE = YES_ERROR;
				GCC_WARN_UNDECLARED_SELECTOR = YES;
				GCC_WARN_UNINITIALIZED_AUTOS = YES_AGGRESSIVE;
				GCC_WARN_UNUSED_FUNCTION = YES;
				GCC_WARN_UNUSED_VARIABLE = YES;
				MACOSX_DEPLOYMENT_TARGET = 11.0;
				MTL_ENABLE_DEBUG_INFO = NO;
				MTL_FAST_MATH = YES;
				SDKROOT = macosx;
				SWIFT_COMPILATION_MODE = wholemodule;
				SWIFT_OPTIMIZATION_LEVEL = "-O";
			};
			name = Release;
		};
		3F7E037A25641F59008D948C /* Debug */ = {
			isa = XCBuildConfiguration;
			buildSettings = {
				ASSETCATALOG_COMPILER_APPICON_NAME = AppIcon;
				ASSETCATALOG_COMPILER_GLOBAL_ACCENT_COLOR_NAME = AccentColor;
				CODE_SIGN_ENTITLEMENTS = PictureDownloader/PictureDownloader.entitlements;
				CODE_SIGN_IDENTITY = "-";
				CODE_SIGN_STYLE = Automatic;
				COMBINE_HIDPI_IMAGES = YES;
				DEVELOPMENT_ASSET_PATHS = "\"PictureDownloader/Preview Content\"";
				DEVELOPMENT_TEAM = Q4JYUA6UF4;
				ENABLE_HARDENED_RUNTIME = YES;
				ENABLE_PREVIEWS = YES;
				INFOPLIST_FILE = PictureDownloader/Info.plist;
				LD_RUNPATH_SEARCH_PATHS = (
					"$(inherited)",
					"@executable_path/../Frameworks",
				);
				MACOSX_DEPLOYMENT_TARGET = 12.0;
				PRODUCT_BUNDLE_IDENTIFIER = "de.cocoa-coding.PictureDownloader";
				PRODUCT_NAME = "$(TARGET_NAME)";
				SWIFT_VERSION = 5.0;
			};
			name = Debug;
		};
		3F7E037B25641F59008D948C /* Release */ = {
			isa = XCBuildConfiguration;
			buildSettings = {
				ASSETCATALOG_COMPILER_APPICON_NAME = AppIcon;
				ASSETCATALOG_COMPILER_GLOBAL_ACCENT_COLOR_NAME = AccentColor;
				CODE_SIGN_ENTITLEMENTS = PictureDownloader/PictureDownloader.entitlements;
				CODE_SIGN_IDENTITY = "-";
				CODE_SIGN_STYLE = Automatic;
				COMBINE_HIDPI_IMAGES = YES;
				DEVELOPMENT_ASSET_PATHS = "\"PictureDownloader/Preview Content\"";
				DEVELOPMENT_TEAM = Q4JYUA6UF4;
				ENABLE_HARDENED_RUNTIME = YES;
				ENABLE_PREVIEWS = YES;
				INFOPLIST_FILE = PictureDownloader/Info.plist;
				LD_RUNPATH_SEARCH_PATHS = (
					"$(inherited)",
					"@executable_path/../Frameworks",
				);
				MACOSX_DEPLOYMENT_TARGET = 12.0;
				PRODUCT_BUNDLE_IDENTIFIER = "de.cocoa-coding.PictureDownloader";
				PRODUCT_NAME = "$(TARGET_NAME)";
				SWIFT_VERSION = 5.0;
			};
			name = Release;
		};
/* End XCBuildConfiguration section */

/* Begin XCConfigurationList section */
		3F7E036425641F59008D948C /* Build configuration list for PBXProject "PictureDownloader" */ = {
			isa = XCConfigurationList;
			buildConfigurations = (
				3F7E037725641F59008D948C /* Debug */,
				3F7E037825641F59008D948C /* Release */,
			);
			defaultConfigurationIsVisible = 0;
			defaultConfigurationName = Release;
		};
		3F7E037925641F59008D948C /* Build configuration list for PBXNativeTarget "Picture Downloader" */ = {
			isa = XCConfigurationList;
			buildConfigurations = (
				3F7E037A25641F59008D948C /* Debug */,
				3F7E037B25641F59008D948C /* Release */,
			);
			defaultConfigurationIsVisible = 0;
			defaultConfigurationName = Release;
		};
/* End XCConfigurationList section */

/* Begin XCRemoteSwiftPackageReference section */
		3FA4B3DE27936B6F0034524B /* XCRemoteSwiftPackageReference "WrappingHStack" */ = {
			isa = XCRemoteSwiftPackageReference;
			repositoryURL = "https://github.com/dkk/WrappingHStack";
			requirement = {
				branch = main;
				kind = branch;
			};
		};
/* End XCRemoteSwiftPackageReference section */

/* Begin XCSwiftPackageProductDependency section */
		3FA4B3DF27936B6F0034524B /* WrappingHStack */ = {
			isa = XCSwiftPackageProductDependency;
			package = 3FA4B3DE27936B6F0034524B /* XCRemoteSwiftPackageReference "WrappingHStack" */;
			productName = WrappingHStack;
		};
/* End XCSwiftPackageProductDependency section */
	};
	rootObject = 3F7E036125641F59008D948C /* Project object */;
}
